
Microsoft Visual Studio Solution File, Format Version 12.00
# Visual Studio 15
Project("{FAE04EC0-301F-11D3-BF4B-00C04F79EFBC}") = "Assembly-CSharp", "Assembly-CSharp.csproj", "{FC4A7C51-48A3-8BC8-7E08-7F1A881C0260}"
EndProject
Project("{FAE04EC0-301F-11D3-BF4B-00C04F79EFBC}") = "Assembly-CSharp-Editor", "Assembly-CSharp-Editor.csproj", "{624F75C8-AEF3-0D57-654D-7CB4DB490A04}"
EndProject
Global
	GlobalSection(SolutionConfigurationPlatforms) = preSolution
		Debug|Any CPU = Debug|Any CPU
		Release|Any CPU = Release|Any CPU
	EndGlobalSection
	GlobalSection(ProjectConfigurationPlatforms) = postSolution
		{FC4A7C51-48A3-8BC8-7E08-7F1A881C0260}.Debug|Any CPU.ActiveCfg = Debug|Any CPU
		{FC4A7C51-48A3-8BC8-7E08-7F1A881C0260}.Debug|Any CPU.Build.0 = Debug|Any CPU
		{FC4A7C51-48A3-8BC8-7E08-7F1A881C0260}.Release|Any CPU.ActiveCfg = Release|Any CPU
		{FC4A7C51-48A3-8BC8-7E08-7F1A881C0260}.Release|Any CPU.Build.0 = Release|Any CPU
		{624F75C8-AEF3-0D57-654D-7CB4DB490A04}.Debug|Any CPU.ActiveCfg = Debug|Any CPU
		{624F75C8-AEF3-0D57-654D-7CB4DB490A04}.Debug|Any CPU.Build.0 = Debug|Any CPU
		{624F75C8-AEF3-0D57-654D-7CB4DB490A04}.Release|Any CPU.ActiveCfg = Release|Any CPU
		{624F75C8-AEF3-0D57-654D-7CB4DB490A04}.Release|Any CPU.Build.0 = Release|Any CPU
	EndGlobalSection
	GlobalSection(SolutionProperties) = preSolution
		HideSolutionNode = FALSE
	EndGlobalSection
EndGlobal
